
Microsoft Visual Studio Solution File, Format Version 12.00
# Visual Studio Version 17
VisualStudioVersion = 17.3.32825.248
MinimumVisualStudioVersion = 10.0.40219.1
Project("{FAE04EC0-301F-11D3-BF4B-00C04F79EFBC}") = "GrpcService1", "GrpcService1.csproj", "{F3E0B1D3-20CF-4FA1-B0DE-FD229CDC75A5}"
EndProject
Global
	GlobalSection(SolutionConfigurationPlatforms) = preSolution
		Debug|Any CPU = Debug|Any CPU
		Release|Any CPU = Release|Any CPU
	EndGlobalSection
	GlobalSection(ProjectConfigurationPlatforms) = postSolution
		{F3E0B1D3-20CF-4FA1-B0DE-FD229CDC75A5}.Debug|Any CPU.ActiveCfg = Debug|Any CPU
		{F3E0B1D3-20CF-4FA1-B0DE-FD229CDC75A5}.Debug|Any CPU.Build.0 = Debug|Any CPU
		{F3E0B1D3-20CF-4FA1-B0DE-FD229CDC75A5}.Release|Any CPU.ActiveCfg = Release|Any CPU
		{F3E0B1D3-20CF-4FA1-B0DE-FD229CDC75A5}.Release|Any CPU.Build.0 = Release|Any CPU
	EndGlobalSection
	GlobalSection(SolutionProperties) = preSolution
		HideSolutionNode = FALSE
	EndGlobalSection
	GlobalSection(ExtensibilityGlobals) = postSolution
		SolutionGuid = {92FD7A5A-EBD4-444A-BEA7-F8C516008865}
	EndGlobalSection
EndGlobal
